{
    "_readme": [
        "This file locks the dependencies of your project to a known state",
        "Read more about it at https://getcomposer.org/doc/01-basic-usage.md#composer-lock-the-lock-file",
        "This file is @generated automatically"
    ],
    "content-hash": "c28bd97b7e898b9a2db8954235aae40b",
    "packages": [
        {
            "name": "latitude/latitude",
            "version": "1.2.0",
            "source": {
                "type": "git",
                "url": "https://github.com/shadowhand/latitude.git",
                "reference": "eeba1423c26de71a794f2101681d34cfc29d484c"
            },
            "dist": {
                "type": "zip",
                "url": "https://api.github.com/repos/shadowhand/latitude/zipball/eeba1423c26de71a794f2101681d34cfc29d484c",
                "reference": "eeba1423c26de71a794f2101681d34cfc29d484c",
                "shasum": ""
            },
            "require": {
                "php": ">=7.0"
            },
            "require-dev": {
                "eloquent/liberator": "^2.0",
                "phpunit/phpunit": "^5.6.8",
                "spatie/7to5": "^1.0"
            },
            "type": "library",
            "autoload": {
                "psr-4": {
                    "Latitude\\QueryBuilder\\": "src/"
                }
            },
            "notification-url": "https://packagist.org/downloads/",
            "license": [
                "MIT"
            ],
            "authors": [
                {
                    "name": "Woody Gilk",
                    "email": "woody.gilk@gmail.com",
                    "homepage": "https://github.com/shadowhand"
                }
            ],
            "description": "A SQL query builder with zero dependencies",
            "time": "2017-03-01T04:54:10+00:00"
        }
    ],
    "packages-dev": [],
    "aliases": [],
    "minimum-stability": "stable",
    "stability-flags": [],
    "prefer-stable": false,
    "prefer-lowest": false,
    "platform": [],
    "platform-dev": []
}
